<?xml version="1.0" encoding="utf-8"?>
<Project ToolsVersion="4.0" xmlns="http://schemas.microsoft.com/developer/msbuild/2003">
  <ItemGroup>
    <Filter Include="Pliki źródłowe">
      <UniqueIdentifier>{4FC737F1-C7A5-4376-A066-2A32D752A2FF}</UniqueIdentifier>
      <Extensions>cpp;c;cc;cxx;c++;cppm;ixx;def;odl;idl;hpj;bat;asm;asmx</Extensions>
    </Filter>
    <Filter Include="Pliki nagłówkowe">
      <UniqueIdentifier>{93995380-89BD-4b04-88EB-625FBE52EBFB}</UniqueIdentifier>
      <Extensions>h;hh;hpp;hxx;h++;hm;inl;inc;ipp;xsd</Extensions>
    </Filter>
    <Filter Include="Pliki zasobów">
      <UniqueIdentifier>{67DA6AB6-F800-4c08-8B7A-83BB121AAD01}</UniqueIdentifier>
      <Extensions>rc;ico;cur;bmp;dlg;rc2;rct;bin;rgs;gif;jpg;jpeg;jpe;resx;tiff;tif;png;wav;mfcribbon-ms</Extensions>
    </Filter>
    <Filter Include="Pliki nagłówkowe\SpaceShips">
      <UniqueIdentifier>{10694883-2f99-4f93-be11-daf1429a863f}</UniqueIdentifier>
    </Filter>
    <Filter Include="Pliki źródłowe\SpaceShips">
      <UniqueIdentifier>{cace1439-4116-4511-8fa3-a6e042d344e4}</UniqueIdentifier>
    </Filter>
    <Filter Include="Pliki nagłówkowe\Entities">
      <UniqueIdentifier>{6f24da55-2c4b-4344-8a41-f1611cb28482}</UniqueIdentifier>
    </Filter>
    <Filter Include="Pliki nagłówkowe\Managers">
      <UniqueIdentifier>{d178b21e-65bf-452b-94f1-879f15aac8f4}</UniqueIdentifier>
    </Filter>
    <Filter Include="Pliki źródłowe\Entities">
      <UniqueIdentifier>{cc9360ec-f6d3-43b6-9e1b-e3bf2d626c66}</UniqueIdentifier>
    </Filter>
    <Filter Include="Pliki źródłowe\SpaceShips\Managers">
      <UniqueIdentifier>{757122b7-b887-4681-879a-c80a29ad1605}</UniqueIdentifier>
    </Filter>
    <Filter Include="Pliki nagłówkowe\TinyXML">
      <UniqueIdentifier>{f4f3daf1-cb9e-45ab-876b-5cafc4c8e4c3}</UniqueIdentifier>
    </Filter>
    <Filter Include="Pliki źródłowe\TinyXML">
      <UniqueIdentifier>{c8db6b24-9c5c-43df-a71c-11827359f8d9}</UniqueIdentifier>
    </Filter>
    <Filter Include="Pliki źródłowe\Levels">
      <UniqueIdentifier>{68008645-2ea6-4c0b-9d85-0bf1ecfe6fed}</UniqueIdentifier>
    </Filter>
  </ItemGroup>
  <ItemGroup>
    <ClCompile Include="..\..\..\..\OneDrive\Pulpit\QuickSDL v1.0.2\AnimatedTexture.cpp">
      <Filter>Pliki źródłowe\Entities</Filter>
    </ClCompile>
    <ClCompile Include="..\..\..\..\OneDrive\Pulpit\QuickSDL v1.0.2\GameEntity.cpp">
      <Filter>Pliki źródłowe\Entities</Filter>
    </ClCompile>
    <ClCompile Include="..\..\..\..\OneDrive\Pulpit\QuickSDL v1.0.2\Texture.cpp">
      <Filter>Pliki źródłowe\Entities</Filter>
    </ClCompile>
    <ClCompile Include="..\..\..\..\OneDrive\Pulpit\QuickSDL v1.0.2\AssetManager.cpp">
      <Filter>Pliki źródłowe\SpaceShips\Managers</Filter>
    </ClCompile>
    <ClCompile Include="..\..\..\..\OneDrive\Pulpit\QuickSDL v1.0.2\AudioManager.cpp">
      <Filter>Pliki źródłowe\SpaceShips\Managers</Filter>
    </ClCompile>
    <ClCompile Include="..\..\..\..\OneDrive\Pulpit\QuickSDL v1.0.2\GameManager.cpp">
      <Filter>Pliki źródłowe\SpaceShips\Managers</Filter>
    </ClCompile>
    <ClCompile Include="..\..\..\..\OneDrive\Pulpit\QuickSDL v1.0.2\Graphics.cpp">
      <Filter>Pliki źródłowe\SpaceShips\Managers</Filter>
    </ClCompile>
    <ClCompile Include="..\..\..\..\OneDrive\Pulpit\QuickSDL v1.0.2\InputManager.cpp">
      <Filter>Pliki źródłowe\SpaceShips\Managers</Filter>
    </ClCompile>
    <ClCompile Include="..\..\..\..\OneDrive\Pulpit\QuickSDL v1.0.2\Timer.cpp">
      <Filter>Pliki źródłowe</Filter>
    </ClCompile>
    <ClCompile Include="..\..\..\..\OneDrive\Pulpit\QuickSDL v1.0.2\main.cpp">
      <Filter>Pliki źródłowe</Filter>
    </ClCompile>
    <ClCompile Include="StartScreen.cpp">
      <Filter>Pliki źródłowe\SpaceShips</Filter>
    </ClCompile>
    <ClCompile Include="Star.cpp">
      <Filter>Pliki źródłowe\SpaceShips</Filter>
    </ClCompile>
    <ClCompile Include="StarLayer.cpp">
      <Filter>Pliki źródłowe\SpaceShips</Filter>
    </ClCompile>
    <ClCompile Include="BackgroundStars.cpp">
      <Filter>Pliki źródłowe\SpaceShips</Filter>
    </ClCompile>
    <ClCompile Include="Scoreboard.cpp">
      <Filter>Pliki źródłowe\SpaceShips</Filter>
    </ClCompile>
    <ClCompile Include="ScreenManager.cpp">
      <Filter>Pliki źródłowe\SpaceShips</Filter>
    </ClCompile>
    <ClCompile Include="PlayScreen.cpp">
      <Filter>Pliki źródłowe\SpaceShips</Filter>
    </ClCompile>
    <ClCompile Include="PlaySideBar.cpp">
      <Filter>Pliki źródłowe\SpaceShips</Filter>
    </ClCompile>
    <ClCompile Include="Level.cpp">
      <Filter>Pliki źródłowe\SpaceShips</Filter>
    </ClCompile>
    <ClCompile Include="Player.cpp">
      <Filter>Pliki źródłowe\SpaceShips</Filter>
    </ClCompile>
    <ClCompile Include="Bullet.cpp">
      <Filter>Pliki źródłowe\SpaceShips</Filter>
    </ClCompile>
    <ClCompile Include="BezierPath.cpp">
      <Filter>Pliki źródłowe\SpaceShips</Filter>
    </ClCompile>
    <ClCompile Include="Enemy.cpp">
      <Filter>Pliki źródłowe\SpaceShips</Filter>
    </ClCompile>
    <ClCompile Include="Boss.cpp">
      <Filter>Pliki źródłowe\SpaceShips</Filter>
    </ClCompile>
    <ClCompile Include="Butterfly.cpp">
      <Filter>Pliki źródłowe\SpaceShips</Filter>
    </ClCompile>
    <ClCompile Include="Formation.cpp">
      <Filter>Pliki źródłowe\SpaceShips</Filter>
    </ClCompile>
    <ClCompile Include="Wasp.cpp">
      <Filter>Pliki źródłowe\SpaceShips</Filter>
    </ClCompile>
    <ClCompile Include="tinyxml2.cpp">
      <Filter>Pliki źródłowe\TinyXML</Filter>
    </ClCompile>
  </ItemGroup>
  <ItemGroup>
    <ClInclude Include="..\..\..\..\OneDrive\Pulpit\QuickSDL v1.0.2\AnimatedTexture.h">
      <Filter>Pliki nagłówkowe\Entities</Filter>
    </ClInclude>
    <ClInclude Include="..\..\..\..\OneDrive\Pulpit\QuickSDL v1.0.2\GameEntity.h">
      <Filter>Pliki nagłówkowe\Entities</Filter>
    </ClInclude>
    <ClInclude Include="..\..\..\..\OneDrive\Pulpit\QuickSDL v1.0.2\Texture.h">
      <Filter>Pliki nagłówkowe\Entities</Filter>
    </ClInclude>
    <ClInclude Include="..\..\..\..\OneDrive\Pulpit\QuickSDL v1.0.2\AssetManager.h">
      <Filter>Pliki nagłówkowe\Managers</Filter>
    </ClInclude>
    <ClInclude Include="..\..\..\..\OneDrive\Pulpit\QuickSDL v1.0.2\AudioManager.h">
      <Filter>Pliki nagłówkowe\Managers</Filter>
    </ClInclude>
    <ClInclude Include="..\..\..\..\OneDrive\Pulpit\QuickSDL v1.0.2\GameManager.h">
      <Filter>Pliki nagłówkowe\Managers</Filter>
    </ClInclude>
    <ClInclude Include="..\..\..\..\OneDrive\Pulpit\QuickSDL v1.0.2\Graphics.h">
      <Filter>Pliki nagłówkowe\Managers</Filter>
    </ClInclude>
    <ClInclude Include="..\..\..\..\OneDrive\Pulpit\QuickSDL v1.0.2\InputManager.h">
      <Filter>Pliki nagłówkowe\Managers</Filter>
    </ClInclude>
    <ClInclude Include="..\..\..\..\OneDrive\Pulpit\QuickSDL v1.0.2\MathHelper.h">
      <Filter>Pliki nagłówkowe</Filter>
    </ClInclude>
    <ClInclude Include="..\..\..\..\OneDrive\Pulpit\QuickSDL v1.0.2\Timer.h">
      <Filter>Pliki nagłówkowe</Filter>
    </ClInclude>
    <ClInclude Include="StartScreen.h">
      <Filter>Pliki nagłówkowe\SpaceShips</Filter>
    </ClInclude>
    <ClInclude Include="Star.h">
      <Filter>Pliki nagłówkowe\SpaceShips</Filter>
    </ClInclude>
    <ClInclude Include="StarLayer.h">
      <Filter>Pliki nagłówkowe\SpaceShips</Filter>
    </ClInclude>
    <ClInclude Include="BackgroundStars.h">
      <Filter>Pliki nagłówkowe\SpaceShips</Filter>
    </ClInclude>
    <ClInclude Include="Scoreboard.h">
      <Filter>Pliki nagłówkowe\SpaceShips</Filter>
    </ClInclude>
    <ClInclude Include="ScreenManager.h">
      <Filter>Pliki nagłówkowe\SpaceShips</Filter>
    </ClInclude>
    <ClInclude Include="PlayScreen.h">
      <Filter>Pliki nagłówkowe\SpaceShips</Filter>
    </ClInclude>
    <ClInclude Include="PlaySideBar.h">
      <Filter>Pliki nagłówkowe\SpaceShips</Filter>
    </ClInclude>
    <ClInclude Include="Level.h">
      <Filter>Pliki nagłówkowe\SpaceShips</Filter>
    </ClInclude>
    <ClInclude Include="Player.h">
      <Filter>Pliki nagłówkowe\SpaceShips</Filter>
    </ClInclude>
    <ClInclude Include="Bullet.h">
      <Filter>Pliki nagłówkowe\SpaceShips</Filter>
    </ClInclude>
    <ClInclude Include="BezierPath.h">
      <Filter>Pliki nagłówkowe\SpaceShips</Filter>
    </ClInclude>
    <ClInclude Include="Enemy.h">
      <Filter>Pliki nagłówkowe\SpaceShips</Filter>
    </ClInclude>
    <ClInclude Include="Boss.h">
      <Filter>Pliki nagłówkowe\SpaceShips</Filter>
    </ClInclude>
    <ClInclude Include="Butterfly.h">
      <Filter>Pliki nagłówkowe\SpaceShips</Filter>
    </ClInclude>
    <ClInclude Include="Formation.h">
      <Filter>Pliki nagłówkowe\SpaceShips</Filter>
    </ClInclude>
    <ClInclude Include="Wasp.h">
      <Filter>Pliki nagłówkowe\SpaceShips</Filter>
    </ClInclude>
    <ClInclude Include="tinyxml2.h">
      <Filter>Pliki nagłówkowe\TinyXML</Filter>
    </ClInclude>
  </ItemGroup>
  <ItemGroup>
    <Xml Include="..\x64\Debug\Assets\Level1.xml">
      <Filter>Pliki źródłowe\Levels</Filter>
    </Xml>
  </ItemGroup>
</Project>